
Microsoft Visual Studio Solution File, Format Version 12.00
# Visual Studio Version 17
VisualStudioVersion = 17.4.33122.133
MinimumVisualStudioVersion = 10.0.40219.1
Project("{FAE04EC0-301F-11D3-BF4B-00C04F79EFBC}") = "WinBoltAttribute", "WinBoltAttribute.csproj", "{8F85D35C-1CB7-4BB3-8FC1-49F733B765D6}"
EndProject
Global
	GlobalSection(SolutionConfigurationPlatforms) = preSolution
		Debug|Any CPU = Debug|Any CPU
		Release|Any CPU = Release|Any CPU
	EndGlobalSection
	GlobalSection(ProjectConfigurationPlatforms) = postSolution
		{8F85D35C-1CB7-4BB3-8FC1-49F733B765D6}.Debug|Any CPU.ActiveCfg = Debug|Any CPU
		{8F85D35C-1CB7-4BB3-8FC1-49F733B765D6}.Debug|Any CPU.Build.0 = Debug|Any CPU
		{8F85D35C-1CB7-4BB3-8FC1-49F733B765D6}.Release|Any CPU.ActiveCfg = Release|Any CPU
		{8F85D35C-1CB7-4BB3-8FC1-49F733B765D6}.Release|Any CPU.Build.0 = Release|Any CPU
	EndGlobalSection
	GlobalSection(SolutionProperties) = preSolution
		HideSolutionNode = FALSE
	EndGlobalSection
	GlobalSection(ExtensibilityGlobals) = postSolution
		SolutionGuid = {EB990A1B-FB70-432E-A1EB-37BFDE3369FD}
	EndGlobalSection
EndGlobal
